
Microsoft Visual Studio Solution File, Format Version 12.00
# Visual Studio 2013
VisualStudioVersion = 12.0.31101.0
MinimumVisualStudioVersion = 10.0.40219.1
Project("{FAE04EC0-301F-11D3-BF4B-00C04F79EFBC}") = "Deducciones", "Deducciones\Deducciones.csproj", "{07B09AD7-070D-44E9-BEE2-96F05BF57027}"
EndProject
Project("{FAE04EC0-301F-11D3-BF4B-00C04F79EFBC}") = "ClassLibrary1", "ClassLibrary1\ClassLibrary1.csproj", "{D4075631-B551-4D9F-AE0E-60D87FDBD73B}"
EndProject
Global
	GlobalSection(SolutionConfigurationPlatforms) = preSolution
		Debug|Any CPU = Debug|Any CPU
		Release|Any CPU = Release|Any CPU
	EndGlobalSection
	GlobalSection(ProjectConfigurationPlatforms) = postSolution
		{07B09AD7-070D-44E9-BEE2-96F05BF57027}.Debug|Any CPU.ActiveCfg = Debug|Any CPU
		{07B09AD7-070D-44E9-BEE2-96F05BF57027}.Debug|Any CPU.Build.0 = Debug|Any CPU
		{07B09AD7-070D-44E9-BEE2-96F05BF57027}.Release|Any CPU.ActiveCfg = Release|Any CPU
		{07B09AD7-070D-44E9-BEE2-96F05BF57027}.Release|Any CPU.Build.0 = Release|Any CPU
		{D4075631-B551-4D9F-AE0E-60D87FDBD73B}.Debug|Any CPU.ActiveCfg = Debug|Any CPU
		{D4075631-B551-4D9F-AE0E-60D87FDBD73B}.Debug|Any CPU.Build.0 = Debug|Any CPU
		{D4075631-B551-4D9F-AE0E-60D87FDBD73B}.Release|Any CPU.ActiveCfg = Release|Any CPU
		{D4075631-B551-4D9F-AE0E-60D87FDBD73B}.Release|Any CPU.Build.0 = Release|Any CPU
	EndGlobalSection
	GlobalSection(SolutionProperties) = preSolution
		HideSolutionNode = FALSE
	EndGlobalSection
EndGlobal
